
Microsoft Visual Studio Solution File, Format Version 12.00
# Visual Studio 15
VisualStudioVersion = 15.0.27004.2005
MinimumVisualStudioVersion = 10.0.40219.1
Project("{FAE04EC0-301F-11D3-BF4B-00C04F79EFBC}") = "booking", "booking\booking.csproj", "{3BB8E169-7310-49E8-BFEF-E2C0FBB44DEA}"
EndProject
Global
	GlobalSection(SolutionConfigurationPlatforms) = preSolution
		Debug|Any CPU = Debug|Any CPU
		Release|Any CPU = Release|Any CPU
	EndGlobalSection
	GlobalSection(ProjectConfigurationPlatforms) = postSolution
		{3BB8E169-7310-49E8-BFEF-E2C0FBB44DEA}.Debug|Any CPU.ActiveCfg = Debug|Any CPU
		{3BB8E169-7310-49E8-BFEF-E2C0FBB44DEA}.Debug|Any CPU.Build.0 = Debug|Any CPU
		{3BB8E169-7310-49E8-BFEF-E2C0FBB44DEA}.Release|Any CPU.ActiveCfg = Release|Any CPU
		{3BB8E169-7310-49E8-BFEF-E2C0FBB44DEA}.Release|Any CPU.Build.0 = Release|Any CPU
	EndGlobalSection
	GlobalSection(SolutionProperties) = preSolution
		HideSolutionNode = FALSE
	EndGlobalSection
	GlobalSection(ExtensibilityGlobals) = postSolution
		SolutionGuid = {8F6B4A3A-C835-4FD4-A059-4F63E1B6B183}
	EndGlobalSection
EndGlobal
